
Microsoft Visual Studio Solution File, Format Version 12.00
# Visual Studio Version 17
VisualStudioVersion = 17.6.33815.320
MinimumVisualStudioVersion = 10.0.40219.1
Project("{2150E333-8FDC-42A3-9474-1A3956D46DE8}") = "src", "src", "{31FA47E9-EEB2-4465-9B1B-52EA3ADEE9C5}"
EndProject
Project("{2150E333-8FDC-42A3-9474-1A3956D46DE8}") = "test", "test", "{91450190-3279-4396-9B5F-936763B6D367}"
EndProject
Project("{9A19103F-16F7-4668-BE54-9A1E7A4F7556}") = "IonicAPIGamer.Test", "test\IonicAPIGamer.Test\IonicAPIGamer.Test.csproj", "{9D5C46B4-E0F6-4887-A37B-BEDBEDAE2C7C}"
EndProject
Project("{9A19103F-16F7-4668-BE54-9A1E7A4F7556}") = "IonicAPIGamer.Application", "src\IonicAPIGamer.Application\IonicAPIGamer.Application.csproj", "{C7E6F622-E233-41B6-902C-5BCCAB4A09B1}"
EndProject
Project("{9A19103F-16F7-4668-BE54-9A1E7A4F7556}") = "IonicApiGamer.Infra.IoC", "src\IonicApiGames.Infra.IoC\IonicApiGamer.Infra.IoC.csproj", "{071B4415-40F8-40AD-AA97-643F74B1A147}"
EndProject
Project("{9A19103F-16F7-4668-BE54-9A1E7A4F7556}") = "IonicAPIGamer.Infra.Data", "src\IonicAPIGamer.Infra.Data\IonicAPIGamer.Infra.Data.csproj", "{E3AC8923-D4BE-4C2D-B2DA-06B5A9ED111B}"
EndProject
Project("{9A19103F-16F7-4668-BE54-9A1E7A4F7556}") = "IonicApiGamer.Model", "src\IonicApiGaner.Model\IonicApiGamer.Model.csproj", "{D659A709-9D97-4010-A067-C3B89DA009E6}"
EndProject
Project("{9A19103F-16F7-4668-BE54-9A1E7A4F7556}") = "IonicAPIGamer.Domain", "src\IonicAPIGamer.Domain\IonicAPIGamer.Domain.csproj", "{C6450010-B416-4801-8FF8-031906BE6FE1}"
EndProject
Project("{9A19103F-16F7-4668-BE54-9A1E7A4F7556}") = "IonicApiGamer.Presentation.API", "src\IonicApiGamer.Presentation.API\IonicApiGamer.Presentation.API.csproj", "{DD114AC2-DE73-4208-AE7A-1618B8870DDE}"
EndProject
Project("{E53339B2-1760-4266-BCC7-CA923CBCF16C}") = "docker-compose", "docker-compose.dcproj", "{6FC185FC-D68F-49AA-AE05-8543260C16C6}"
EndProject
Project("{FAE04EC0-301F-11D3-BF4B-00C04F79EFBC}") = "IonicAPIGamer.Infra.Caching", "src\IonicAPIGamer.Infra.Caching\IonicAPIGamer.Infra.Caching.csproj", "{F56E491B-6C3D-4733-9EDA-F059D30FA81D}"
EndProject
Global
	GlobalSection(SolutionConfigurationPlatforms) = preSolution
		Debug|Any CPU = Debug|Any CPU
		Release|Any CPU = Release|Any CPU
	EndGlobalSection
	GlobalSection(ProjectConfigurationPlatforms) = postSolution
		{9D5C46B4-E0F6-4887-A37B-BEDBEDAE2C7C}.Debug|Any CPU.ActiveCfg = Debug|Any CPU
		{9D5C46B4-E0F6-4887-A37B-BEDBEDAE2C7C}.Debug|Any CPU.Build.0 = Debug|Any CPU
		{9D5C46B4-E0F6-4887-A37B-BEDBEDAE2C7C}.Release|Any CPU.ActiveCfg = Release|Any CPU
		{9D5C46B4-E0F6-4887-A37B-BEDBEDAE2C7C}.Release|Any CPU.Build.0 = Release|Any CPU
		{C7E6F622-E233-41B6-902C-5BCCAB4A09B1}.Debug|Any CPU.ActiveCfg = Debug|Any CPU
		{C7E6F622-E233-41B6-902C-5BCCAB4A09B1}.Debug|Any CPU.Build.0 = Debug|Any CPU
		{C7E6F622-E233-41B6-902C-5BCCAB4A09B1}.Release|Any CPU.ActiveCfg = Release|Any CPU
		{C7E6F622-E233-41B6-902C-5BCCAB4A09B1}.Release|Any CPU.Build.0 = Release|Any CPU
		{071B4415-40F8-40AD-AA97-643F74B1A147}.Debug|Any CPU.ActiveCfg = Debug|Any CPU
		{071B4415-40F8-40AD-AA97-643F74B1A147}.Debug|Any CPU.Build.0 = Debug|Any CPU
		{071B4415-40F8-40AD-AA97-643F74B1A147}.Release|Any CPU.ActiveCfg = Release|Any CPU
		{071B4415-40F8-40AD-AA97-643F74B1A147}.Release|Any CPU.Build.0 = Release|Any CPU
		{E3AC8923-D4BE-4C2D-B2DA-06B5A9ED111B}.Debug|Any CPU.ActiveCfg = Debug|Any CPU
		{E3AC8923-D4BE-4C2D-B2DA-06B5A9ED111B}.Debug|Any CPU.Build.0 = Debug|Any CPU
		{E3AC8923-D4BE-4C2D-B2DA-06B5A9ED111B}.Release|Any CPU.ActiveCfg = Release|Any CPU
		{E3AC8923-D4BE-4C2D-B2DA-06B5A9ED111B}.Release|Any CPU.Build.0 = Release|Any CPU
		{D659A709-9D97-4010-A067-C3B89DA009E6}.Debug|Any CPU.ActiveCfg = Debug|Any CPU
		{D659A709-9D97-4010-A067-C3B89DA009E6}.Debug|Any CPU.Build.0 = Debug|Any CPU
		{D659A709-9D97-4010-A067-C3B89DA009E6}.Release|Any CPU.ActiveCfg = Release|Any CPU
		{D659A709-9D97-4010-A067-C3B89DA009E6}.Release|Any CPU.Build.0 = Release|Any CPU
		{C6450010-B416-4801-8FF8-031906BE6FE1}.Debug|Any CPU.ActiveCfg = Debug|Any CPU
		{C6450010-B416-4801-8FF8-031906BE6FE1}.Debug|Any CPU.Build.0 = Debug|Any CPU
		{C6450010-B416-4801-8FF8-031906BE6FE1}.Release|Any CPU.ActiveCfg = Release|Any CPU
		{C6450010-B416-4801-8FF8-031906BE6FE1}.Release|Any CPU.Build.0 = Release|Any CPU
		{DD114AC2-DE73-4208-AE7A-1618B8870DDE}.Debug|Any CPU.ActiveCfg = Debug|Any CPU
		{DD114AC2-DE73-4208-AE7A-1618B8870DDE}.Debug|Any CPU.Build.0 = Debug|Any CPU
		{DD114AC2-DE73-4208-AE7A-1618B8870DDE}.Release|Any CPU.ActiveCfg = Release|Any CPU
		{DD114AC2-DE73-4208-AE7A-1618B8870DDE}.Release|Any CPU.Build.0 = Release|Any CPU
		{6FC185FC-D68F-49AA-AE05-8543260C16C6}.Debug|Any CPU.ActiveCfg = Debug|Any CPU
		{6FC185FC-D68F-49AA-AE05-8543260C16C6}.Debug|Any CPU.Build.0 = Debug|Any CPU
		{6FC185FC-D68F-49AA-AE05-8543260C16C6}.Release|Any CPU.ActiveCfg = Release|Any CPU
		{6FC185FC-D68F-49AA-AE05-8543260C16C6}.Release|Any CPU.Build.0 = Release|Any CPU
		{F56E491B-6C3D-4733-9EDA-F059D30FA81D}.Debug|Any CPU.ActiveCfg = Debug|Any CPU
		{F56E491B-6C3D-4733-9EDA-F059D30FA81D}.Debug|Any CPU.Build.0 = Debug|Any CPU
		{F56E491B-6C3D-4733-9EDA-F059D30FA81D}.Release|Any CPU.ActiveCfg = Release|Any CPU
		{F56E491B-6C3D-4733-9EDA-F059D30FA81D}.Release|Any CPU.Build.0 = Release|Any CPU
	EndGlobalSection
	GlobalSection(SolutionProperties) = preSolution
		HideSolutionNode = FALSE
	EndGlobalSection
	GlobalSection(NestedProjects) = preSolution
		{9D5C46B4-E0F6-4887-A37B-BEDBEDAE2C7C} = {91450190-3279-4396-9B5F-936763B6D367}
		{C7E6F622-E233-41B6-902C-5BCCAB4A09B1} = {31FA47E9-EEB2-4465-9B1B-52EA3ADEE9C5}
		{071B4415-40F8-40AD-AA97-643F74B1A147} = {31FA47E9-EEB2-4465-9B1B-52EA3ADEE9C5}
		{E3AC8923-D4BE-4C2D-B2DA-06B5A9ED111B} = {31FA47E9-EEB2-4465-9B1B-52EA3ADEE9C5}
		{D659A709-9D97-4010-A067-C3B89DA009E6} = {31FA47E9-EEB2-4465-9B1B-52EA3ADEE9C5}
		{C6450010-B416-4801-8FF8-031906BE6FE1} = {31FA47E9-EEB2-4465-9B1B-52EA3ADEE9C5}
		{DD114AC2-DE73-4208-AE7A-1618B8870DDE} = {31FA47E9-EEB2-4465-9B1B-52EA3ADEE9C5}
		{F56E491B-6C3D-4733-9EDA-F059D30FA81D} = {31FA47E9-EEB2-4465-9B1B-52EA3ADEE9C5}
	EndGlobalSection
	GlobalSection(ExtensibilityGlobals) = postSolution
		SolutionGuid = {A3D246AB-B290-4097-A80F-87CECA187DE0}
	EndGlobalSection
EndGlobal
